
Microsoft Visual Studio Solution File, Format Version 12.00
# Visual Studio 15
VisualStudioVersion = 15.0.28307.1231
MinimumVisualStudioVersion = 10.0.40219.1
Project("{FAE04EC0-301F-11D3-BF4B-00C04F79EFBC}") = "Variometer2DataAnalysis", "Variometer2DataAnalysis\Variometer2DataAnalysis.csproj", "{DB41C83D-828E-4263-AB20-A9B2259AAF9F}"
EndProject
Global
	GlobalSection(SolutionConfigurationPlatforms) = preSolution
		Debug|Any CPU = Debug|Any CPU
		Release|Any CPU = Release|Any CPU
	EndGlobalSection
	GlobalSection(ProjectConfigurationPlatforms) = postSolution
		{DB41C83D-828E-4263-AB20-A9B2259AAF9F}.Debug|Any CPU.ActiveCfg = Debug|Any CPU
		{DB41C83D-828E-4263-AB20-A9B2259AAF9F}.Debug|Any CPU.Build.0 = Debug|Any CPU
		{DB41C83D-828E-4263-AB20-A9B2259AAF9F}.Release|Any CPU.ActiveCfg = Release|Any CPU
		{DB41C83D-828E-4263-AB20-A9B2259AAF9F}.Release|Any CPU.Build.0 = Release|Any CPU
	EndGlobalSection
	GlobalSection(SolutionProperties) = preSolution
		HideSolutionNode = FALSE
	EndGlobalSection
	GlobalSection(ExtensibilityGlobals) = postSolution
		SolutionGuid = {CEEF3B51-45D6-44C3-80B9-52DED367C4D1}
	EndGlobalSection
EndGlobal
